
Microsoft Visual Studio Solution File, Format Version 12.00
# Visual Studio Version 17
VisualStudioVersion = 17.0.31903.59
MinimumVisualStudioVersion = 10.0.40219.1
Project("{8BC9CEB8-8B4A-11D0-8D11-00A0C91BC942}") = "WinIMerge", "src\WinIMerge\winimerge.vcxproj", "{36365C8C-04A0-4892-9B83-AD6E05D50D67}"
	ProjectSection(ProjectDependencies) = postProject
		{94F36908-A4E2-4533-939D-64FF6EADA5A1} = {94F36908-A4E2-4533-939D-64FF6EADA5A1}
		{C9101B3C-4CFE-4D3E-9708-5C0F55AC909A} = {C9101B3C-4CFE-4D3E-9708-5C0F55AC909A}
		{49A7104F-08CD-48B1-99E6-6A7C3FFB0EEC} = {49A7104F-08CD-48B1-99E6-6A7C3FFB0EEC}
		{9E219DF2-315D-478E-8A07-8960C377CE1E} = {9E219DF2-315D-478E-8A07-8960C377CE1E}
	EndProjectSection
EndProject
Project("{8BC9CEB8-8B4A-11D0-8D11-00A0C91BC942}") = "FreeImageLib", "..\FreeImage\Source\FreeImageLib\FreeImageLib.vcxproj", "{9E219DF2-315D-478E-8A07-8960C377CE1E}"
	ProjectSection(ProjectDependencies) = postProject
		{E3536C28-A7F1-4B53-8E52-7D2232F9E098} = {E3536C28-A7F1-4B53-8E52-7D2232F9E098}
		{17A4874B-0606-4687-90B6-F91F8CB3B8AF} = {17A4874B-0606-4687-90B6-F91F8CB3B8AF}
		{7DB10B50-CE00-4D7A-B322-6824F05D2FCB} = {7DB10B50-CE00-4D7A-B322-6824F05D2FCB}
		{5E1D4E5F-E10C-4BA3-B663-F33014FD21D9} = {5E1D4E5F-E10C-4BA3-B663-F33014FD21D9}
		{33134F61-C1AD-4B6F-9CEA-503A9F140C52} = {33134F61-C1AD-4B6F-9CEA-503A9F140C52}
		{097D9F6C-FD0E-4CBC-9676-009012AAECA8} = {097D9F6C-FD0E-4CBC-9676-009012AAECA8}
		{EC085CBD-E9C3-477F-9A97-CB9D5DA30E27} = {EC085CBD-E9C3-477F-9A97-CB9D5DA30E27}
		{07F662C1-1323-42AB-B6AF-FBFD34A7437A} = {07F662C1-1323-42AB-B6AF-FBFD34A7437A}
		{244455E0-5F25-4451-9540-F317883E52A8} = {244455E0-5F25-4451-9540-F317883E52A8}
	EndProjectSection
EndProject
Project("{8BC9CEB8-8B4A-11D0-8D11-00A0C91BC942}") = "LibJPEG", "..\FreeImage\Source\LibJPEG\LibJPEG.vcxproj", "{5E1D4E5F-E10C-4BA3-B663-F33014FD21D9}"
EndProject
Project("{8BC9CEB8-8B4A-11D0-8D11-00A0C91BC942}") = "LibJXR", "..\FreeImage\Source\LibJXR\LibJXR.vcxproj", "{244455E0-5F25-4451-9540-F317883E52A8}"
EndProject
Project("{8BC9CEB8-8B4A-11D0-8D11-00A0C91BC942}") = "LibOpenJPEG", "..\FreeImage\Source\LibOpenJPEG\LibOpenJPEG.vcxproj", "{E3536C28-A7F1-4B53-8E52-7D2232F9E098}"
EndProject
Project("{8BC9CEB8-8B4A-11D0-8D11-00A0C91BC942}") = "LibPNG", "..\FreeImage\Source\LibPNG\LibPNG.vcxproj", "{7DB10B50-CE00-4D7A-B322-6824F05D2FCB}"
	ProjectSection(ProjectDependencies) = postProject
		{33134F61-C1AD-4B6F-9CEA-503A9F140C52} = {33134F61-C1AD-4B6F-9CEA-503A9F140C52}
	EndProjectSection
EndProject
Project("{8BC9CEB8-8B4A-11D0-8D11-00A0C91BC942}") = "LibRaw", "..\FreeImage\Source\LibRawLite\LibRawLite.vcxproj", "{07F662C1-1323-42AB-B6AF-FBFD34A7437A}"
EndProject
Project("{8BC9CEB8-8B4A-11D0-8D11-00A0C91BC942}") = "LibTIFF4", "..\FreeImage\Source\LibTIFF4\LibTIFF4.vcxproj", "{EC085CBD-E9C3-477F-9A97-CB9D5DA30E27}"
EndProject
Project("{8BC9CEB8-8B4A-11D0-8D11-00A0C91BC942}") = "LibWebP", "..\FreeImage\Source\LibWebP\LibWebP.vcxproj", "{097D9F6C-FD0E-4CBC-9676-009012AAECA8}"
EndProject
Project("{8BC9CEB8-8B4A-11D0-8D11-00A0C91BC942}") = "OpenEXR", "..\FreeImage\Source\OpenEXR\OpenEXR.vcxproj", "{17A4874B-0606-4687-90B6-F91F8CB3B8AF}"
EndProject
Project("{8BC9CEB8-8B4A-11D0-8D11-00A0C91BC942}") = "ZLib", "..\FreeImage\Source\ZLib\ZLib.vcxproj", "{33134F61-C1AD-4B6F-9CEA-503A9F140C52}"
EndProject
Project("{8BC9CEB8-8B4A-11D0-8D11-00A0C91BC942}") = "FreeImagePlus", "..\FreeImage\Wrapper\FreeImagePlus\FreeImagePlus.vcxproj", "{94F36908-A4E2-4533-939D-64FF6EADA5A1}"
	ProjectSection(ProjectDependencies) = postProject
		{9E219DF2-315D-478E-8A07-8960C377CE1E} = {9E219DF2-315D-478E-8A07-8960C377CE1E}
	EndProjectSection
EndProject
Project("{8BC9CEB8-8B4A-11D0-8D11-00A0C91BC942}") = "WinIMergeLib", "src\WinIMergeLib\WinIMergeLib.vcxproj", "{C9101B3C-4CFE-4D3E-9708-5C0F55AC909A}"
	ProjectSection(ProjectDependencies) = postProject
		{94F36908-A4E2-4533-939D-64FF6EADA5A1} = {94F36908-A4E2-4533-939D-64FF6EADA5A1}
		{9E219DF2-315D-478E-8A07-8960C377CE1E} = {9E219DF2-315D-478E-8A07-8960C377CE1E}
	EndProjectSection
EndProject
Project("{2150E333-8FDC-42A3-9474-1A3956D46DE8}") = "FreeImage", "FreeImage", "{AD6E6E47-0363-409F-8B7A-48341147E632}"
EndProject
Project("{8BC9CEB8-8B4A-11D0-8D11-00A0C91BC942}") = "cidiff", "src\cidiff\cidiff.vcxproj", "{49A7104F-08CD-48B1-99E6-6A7C3FFB0EEC}"
	ProjectSection(ProjectDependencies) = postProject
		{94F36908-A4E2-4533-939D-64FF6EADA5A1} = {94F36908-A4E2-4533-939D-64FF6EADA5A1}
		{C9101B3C-4CFE-4D3E-9708-5C0F55AC909A} = {C9101B3C-4CFE-4D3E-9708-5C0F55AC909A}
		{9E219DF2-315D-478E-8A07-8960C377CE1E} = {9E219DF2-315D-478E-8A07-8960C377CE1E}
	EndProjectSection
EndProject
Project("{2150E333-8FDC-42A3-9474-1A3956D46DE8}") = "Batch Files", "Batch Files", "{A9E83C9D-8AD6-4C87-888D-3F91B5656CD1}"
	ProjectSection(SolutionItems) = preProject
		BuildArc.cmd = BuildArc.cmd
		BuildBin.vs2017.cmd = BuildBin.vs2017.cmd
		BuildBin.vs2019.cmd = BuildBin.vs2019.cmd
		BuildBin.vs2022.cmd = BuildBin.vs2022.cmd
	EndProjectSection
EndProject
Global
	GlobalSection(SolutionConfigurationPlatforms) = preSolution
		Debug|ARM = Debug|ARM
		Debug|ARM64 = Debug|ARM64
		Debug|x64 = Debug|x64
		Debug|x86 = Debug|x86
		Release|ARM = Release|ARM
		Release|ARM64 = Release|ARM64
		Release|x64 = Release|x64
		Release|x86 = Release|x86
	EndGlobalSection
	GlobalSection(ProjectConfigurationPlatforms) = postSolution
		{36365C8C-04A0-4892-9B83-AD6E05D50D67}.Debug|ARM.ActiveCfg = Debug|ARM
		{36365C8C-04A0-4892-9B83-AD6E05D50D67}.Debug|ARM.Build.0 = Debug|ARM
		{36365C8C-04A0-4892-9B83-AD6E05D50D67}.Debug|ARM64.ActiveCfg = Debug|ARM64
		{36365C8C-04A0-4892-9B83-AD6E05D50D67}.Debug|ARM64.Build.0 = Debug|ARM64
		{36365C8C-04A0-4892-9B83-AD6E05D50D67}.Debug|x64.ActiveCfg = Debug|x64
		{36365C8C-04A0-4892-9B83-AD6E05D50D67}.Debug|x64.Build.0 = Debug|x64
		{36365C8C-04A0-4892-9B83-AD6E05D50D67}.Debug|x86.ActiveCfg = Debug|Win32
		{36365C8C-04A0-4892-9B83-AD6E05D50D67}.Debug|x86.Build.0 = Debug|Win32
		{36365C8C-04A0-4892-9B83-AD6E05D50D67}.Release|ARM.ActiveCfg = Release|ARM
		{36365C8C-04A0-4892-9B83-AD6E05D50D67}.Release|ARM.Build.0 = Release|ARM
		{36365C8C-04A0-4892-9B83-AD6E05D50D67}.Release|ARM64.ActiveCfg = Release|ARM64
		{36365C8C-04A0-4892-9B83-AD6E05D50D67}.Release|ARM64.Build.0 = Release|ARM64
		{36365C8C-04A0-4892-9B83-AD6E05D50D67}.Release|x64.ActiveCfg = Release|x64
		{36365C8C-04A0-4892-9B83-AD6E05D50D67}.Release|x64.Build.0 = Release|x64
		{36365C8C-04A0-4892-9B83-AD6E05D50D67}.Release|x86.ActiveCfg = Release|Win32
		{36365C8C-04A0-4892-9B83-AD6E05D50D67}.Release|x86.Build.0 = Release|Win32
		{9E219DF2-315D-478E-8A07-8960C377CE1E}.Debug|ARM.ActiveCfg = Debug|ARM
		{9E219DF2-315D-478E-8A07-8960C377CE1E}.Debug|ARM.Build.0 = Debug|ARM
		{9E219DF2-315D-478E-8A07-8960C377CE1E}.Debug|ARM64.ActiveCfg = Debug|ARM64
		{9E219DF2-315D-478E-8A07-8960C377CE1E}.Debug|ARM64.Build.0 = Debug|ARM64
		{9E219DF2-315D-478E-8A07-8960C377CE1E}.Debug|x64.ActiveCfg = Debug|x64
		{9E219DF2-315D-478E-8A07-8960C377CE1E}.Debug|x64.Build.0 = Debug|x64
		{9E219DF2-315D-478E-8A07-8960C377CE1E}.Debug|x86.ActiveCfg = Debug|Win32
		{9E219DF2-315D-478E-8A07-8960C377CE1E}.Debug|x86.Build.0 = Debug|Win32
		{9E219DF2-315D-478E-8A07-8960C377CE1E}.Release|ARM.ActiveCfg = Release|ARM
		{9E219DF2-315D-478E-8A07-8960C377CE1E}.Release|ARM.Build.0 = Release|ARM
		{9E219DF2-315D-478E-8A07-8960C377CE1E}.Release|ARM64.ActiveCfg = Release|ARM64
		{9E219DF2-315D-478E-8A07-8960C377CE1E}.Release|ARM64.Build.0 = Release|ARM64
		{9E219DF2-315D-478E-8A07-8960C377CE1E}.Release|x64.ActiveCfg = Release|x64
		{9E219DF2-315D-478E-8A07-8960C377CE1E}.Release|x64.Build.0 = Release|x64
		{9E219DF2-315D-478E-8A07-8960C377CE1E}.Release|x86.ActiveCfg = Release|Win32
		{9E219DF2-315D-478E-8A07-8960C377CE1E}.Release|x86.Build.0 = Release|Win32
		{5E1D4E5F-E10C-4BA3-B663-F33014FD21D9}.Debug|ARM.ActiveCfg = Debug|ARM
		{5E1D4E5F-E10C-4BA3-B663-F33014FD21D9}.Debug|ARM.Build.0 = Debug|ARM
		{5E1D4E5F-E10C-4BA3-B663-F33014FD21D9}.Debug|ARM64.ActiveCfg = Debug|ARM64
		{5E1D4E5F-E10C-4BA3-B663-F33014FD21D9}.Debug|ARM64.Build.0 = Debug|ARM64
		{5E1D4E5F-E10C-4BA3-B663-F33014FD21D9}.Debug|x64.ActiveCfg = Debug|x64
		{5E1D4E5F-E10C-4BA3-B663-F33014FD21D9}.Debug|x64.Build.0 = Debug|x64
		{5E1D4E5F-E10C-4BA3-B663-F33014FD21D9}.Debug|x86.ActiveCfg = Debug|Win32
		{5E1D4E5F-E10C-4BA3-B663-F33014FD21D9}.Debug|x86.Build.0 = Debug|Win32
		{5E1D4E5F-E10C-4BA3-B663-F33014FD21D9}.Release|ARM.ActiveCfg = Release|ARM
		{5E1D4E5F-E10C-4BA3-B663-F33014FD21D9}.Release|ARM.Build.0 = Release|ARM
		{5E1D4E5F-E10C-4BA3-B663-F33014FD21D9}.Release|ARM64.ActiveCfg = Release|ARM64
		{5E1D4E5F-E10C-4BA3-B663-F33014FD21D9}.Release|ARM64.Build.0 = Release|ARM64
		{5E1D4E5F-E10C-4BA3-B663-F33014FD21D9}.Release|x64.ActiveCfg = Release|x64
		{5E1D4E5F-E10C-4BA3-B663-F33014FD21D9}.Release|x64.Build.0 = Release|x64
		{5E1D4E5F-E10C-4BA3-B663-F33014FD21D9}.Release|x86.ActiveCfg = Release|Win32
		{5E1D4E5F-E10C-4BA3-B663-F33014FD21D9}.Release|x86.Build.0 = Release|Win32
		{244455E0-5F25-4451-9540-F317883E52A8}.Debug|ARM.ActiveCfg = Debug|ARM
		{244455E0-5F25-4451-9540-F317883E52A8}.Debug|ARM.Build.0 = Debug|ARM
		{244455E0-5F25-4451-9540-F317883E52A8}.Debug|ARM64.ActiveCfg = Debug|ARM64
		{244455E0-5F25-4451-9540-F317883E52A8}.Debug|ARM64.Build.0 = Debug|ARM64
		{244455E0-5F25-4451-9540-F317883E52A8}.Debug|x64.ActiveCfg = Debug|x64
		{244455E0-5F25-4451-9540-F317883E52A8}.Debug|x64.Build.0 = Debug|x64
		{244455E0-5F25-4451-9540-F317883E52A8}.Debug|x86.ActiveCfg = Debug|Win32
		{244455E0-5F25-4451-9540-F317883E52A8}.Debug|x86.Build.0 = Debug|Win32
		{244455E0-5F25-4451-9540-F317883E52A8}.Release|ARM.ActiveCfg = Release|ARM
		{244455E0-5F25-4451-9540-F317883E52A8}.Release|ARM.Build.0 = Release|ARM
		{244455E0-5F25-4451-9540-F317883E52A8}.Release|ARM64.ActiveCfg = Release|ARM64
		{244455E0-5F25-4451-9540-F317883E52A8}.Release|ARM64.Build.0 = Release|ARM64
		{244455E0-5F25-4451-9540-F317883E52A8}.Release|x64.ActiveCfg = Release|x64
		{244455E0-5F25-4451-9540-F317883E52A8}.Release|x64.Build.0 = Release|x64
		{244455E0-5F25-4451-9540-F317883E52A8}.Release|x86.ActiveCfg = Release|Win32
		{244455E0-5F25-4451-9540-F317883E52A8}.Release|x86.Build.0 = Release|Win32
		{E3536C28-A7F1-4B53-8E52-7D2232F9E098}.Debug|ARM.ActiveCfg = Debug|ARM
		{E3536C28-A7F1-4B53-8E52-7D2232F9E098}.Debug|ARM.Build.0 = Debug|ARM
		{E3536C28-A7F1-4B53-8E52-7D2232F9E098}.Debug|ARM64.ActiveCfg = Debug|ARM64
		{E3536C28-A7F1-4B53-8E52-7D2232F9E098}.Debug|ARM64.Build.0 = Debug|ARM64
		{E3536C28-A7F1-4B53-8E52-7D2232F9E098}.Debug|x64.ActiveCfg = Debug|x64
		{E3536C28-A7F1-4B53-8E52-7D2232F9E098}.Debug|x64.Build.0 = Debug|x64
		{E3536C28-A7F1-4B53-8E52-7D2232F9E098}.Debug|x86.ActiveCfg = Debug|Win32
		{E3536C28-A7F1-4B53-8E52-7D2232F9E098}.Debug|x86.Build.0 = Debug|Win32
		{E3536C28-A7F1-4B53-8E52-7D2232F9E098}.Release|ARM.ActiveCfg = Release|ARM
		{E3536C28-A7F1-4B53-8E52-7D2232F9E098}.Release|ARM.Build.0 = Release|ARM
		{E3536C28-A7F1-4B53-8E52-7D2232F9E098}.Release|ARM64.ActiveCfg = Release|ARM64
		{E3536C28-A7F1-4B53-8E52-7D2232F9E098}.Release|ARM64.Build.0 = Release|ARM64
		{E3536C28-A7F1-4B53-8E52-7D2232F9E098}.Release|x64.ActiveCfg = Release|x64
		{E3536C28-A7F1-4B53-8E52-7D2232F9E098}.Release|x64.Build.0 = Release|x64
		{E3536C28-A7F1-4B53-8E52-7D2232F9E098}.Release|x86.ActiveCfg = Release|Win32
		{E3536C28-A7F1-4B53-8E52-7D2232F9E098}.Release|x86.Build.0 = Release|Win32
		{7DB10B50-CE00-4D7A-B322-6824F05D2FCB}.Debug|ARM.ActiveCfg = Debug|ARM
		{7DB10B50-CE00-4D7A-B322-6824F05D2FCB}.Debug|ARM.Build.0 = Debug|ARM
		{7DB10B50-CE00-4D7A-B322-6824F05D2FCB}.Debug|ARM64.ActiveCfg = Debug|ARM64
		{7DB10B50-CE00-4D7A-B322-6824F05D2FCB}.Debug|ARM64.Build.0 = Debug|ARM64
		{7DB10B50-CE00-4D7A-B322-6824F05D2FCB}.Debug|x64.ActiveCfg = Debug|x64
		{7DB10B50-CE00-4D7A-B322-6824F05D2FCB}.Debug|x64.Build.0 = Debug|x64
		{7DB10B50-CE00-4D7A-B322-6824F05D2FCB}.Debug|x86.ActiveCfg = Debug|Win32
		{7DB10B50-CE00-4D7A-B322-6824F05D2FCB}.Debug|x86.Build.0 = Debug|Win32
		{7DB10B50-CE00-4D7A-B322-6824F05D2FCB}.Release|ARM.ActiveCfg = Release|ARM
		{7DB10B50-CE00-4D7A-B322-6824F05D2FCB}.Release|ARM.Build.0 = Release|ARM
		{7DB10B50-CE00-4D7A-B322-6824F05D2FCB}.Release|ARM64.ActiveCfg = Release|ARM64
		{7DB10B50-CE00-4D7A-B322-6824F05D2FCB}.Release|ARM64.Build.0 = Release|ARM64
		{7DB10B50-CE00-4D7A-B322-6824F05D2FCB}.Release|x64.ActiveCfg = Release|x64
		{7DB10B50-CE00-4D7A-B322-6824F05D2FCB}.Release|x64.Build.0 = Release|x64
		{7DB10B50-CE00-4D7A-B322-6824F05D2FCB}.Release|x86.ActiveCfg = Release|Win32
		{7DB10B50-CE00-4D7A-B322-6824F05D2FCB}.Release|x86.Build.0 = Release|Win32
		{07F662C1-1323-42AB-B6AF-FBFD34A7437A}.Debug|ARM.ActiveCfg = Debug|ARM
		{07F662C1-1323-42AB-B6AF-FBFD34A7437A}.Debug|ARM.Build.0 = Debug|ARM
		{07F662C1-1323-42AB-B6AF-FBFD34A7437A}.Debug|ARM64.ActiveCfg = Debug|ARM64
		{07F662C1-1323-42AB-B6AF-FBFD34A7437A}.Debug|ARM64.Build.0 = Debug|ARM64
		{07F662C1-1323-42AB-B6AF-FBFD34A7437A}.Debug|x64.ActiveCfg = Debug|x64
		{07F662C1-1323-42AB-B6AF-FBFD34A7437A}.Debug|x64.Build.0 = Debug|x64
		{07F662C1-1323-42AB-B6AF-FBFD34A7437A}.Debug|x86.ActiveCfg = Debug|Win32
		{07F662C1-1323-42AB-B6AF-FBFD34A7437A}.Debug|x86.Build.0 = Debug|Win32
		{07F662C1-1323-42AB-B6AF-FBFD34A7437A}.Release|ARM.ActiveCfg = Release|ARM
		{07F662C1-1323-42AB-B6AF-FBFD34A7437A}.Release|ARM.Build.0 = Release|ARM
		{07F662C1-1323-42AB-B6AF-FBFD34A7437A}.Release|ARM64.ActiveCfg = Release|ARM64
		{07F662C1-1323-42AB-B6AF-FBFD34A7437A}.Release|ARM64.Build.0 = Release|ARM64
		{07F662C1-1323-42AB-B6AF-FBFD34A7437A}.Release|x64.ActiveCfg = Release|x64
		{07F662C1-1323-42AB-B6AF-FBFD34A7437A}.Release|x64.Build.0 = Release|x64
		{07F662C1-1323-42AB-B6AF-FBFD34A7437A}.Release|x86.ActiveCfg = Release|Win32
		{07F662C1-1323-42AB-B6AF-FBFD34A7437A}.Release|x86.Build.0 = Release|Win32
		{EC085CBD-E9C3-477F-9A97-CB9D5DA30E27}.Debug|ARM.ActiveCfg = Debug|ARM
		{EC085CBD-E9C3-477F-9A97-CB9D5DA30E27}.Debug|ARM.Build.0 = Debug|ARM
		{EC085CBD-E9C3-477F-9A97-CB9D5DA30E27}.Debug|ARM64.ActiveCfg = Debug|ARM64
		{EC085CBD-E9C3-477F-9A97-CB9D5DA30E27}.Debug|ARM64.Build.0 = Debug|ARM64
		{EC085CBD-E9C3-477F-9A97-CB9D5DA30E27}.Debug|x64.ActiveCfg = Debug|x64
		{EC085CBD-E9C3-477F-9A97-CB9D5DA30E27}.Debug|x64.Build.0 = Debug|x64
		{EC085CBD-E9C3-477F-9A97-CB9D5DA30E27}.Debug|x86.ActiveCfg = Debug|Win32
		{EC085CBD-E9C3-477F-9A97-CB9D5DA30E27}.Debug|x86.Build.0 = Debug|Win32
		{EC085CBD-E9C3-477F-9A97-CB9D5DA30E27}.Release|ARM.ActiveCfg = Release|ARM
		{EC085CBD-E9C3-477F-9A97-CB9D5DA30E27}.Release|ARM.Build.0 = Release|ARM
		{EC085CBD-E9C3-477F-9A97-CB9D5DA30E27}.Release|ARM64.ActiveCfg = Release|ARM64
		{EC085CBD-E9C3-477F-9A97-CB9D5DA30E27}.Release|ARM64.Build.0 = Release|ARM64
		{EC085CBD-E9C3-477F-9A97-CB9D5DA30E27}.Release|x64.ActiveCfg = Release|x64
		{EC085CBD-E9C3-477F-9A97-CB9D5DA30E27}.Release|x64.Build.0 = Release|x64
		{EC085CBD-E9C3-477F-9A97-CB9D5DA30E27}.Release|x86.ActiveCfg = Release|Win32
		{EC085CBD-E9C3-477F-9A97-CB9D5DA30E27}.Release|x86.Build.0 = Release|Win32
		{097D9F6C-FD0E-4CBC-9676-009012AAECA8}.Debug|ARM.ActiveCfg = Debug|ARM
		{097D9F6C-FD0E-4CBC-9676-009012AAECA8}.Debug|ARM.Build.0 = Debug|ARM
		{097D9F6C-FD0E-4CBC-9676-009012AAECA8}.Debug|ARM64.ActiveCfg = Debug|ARM64
		{097D9F6C-FD0E-4CBC-9676-009012AAECA8}.Debug|ARM64.Build.0 = Debug|ARM64
		{097D9F6C-FD0E-4CBC-9676-009012AAECA8}.Debug|x64.ActiveCfg = Debug|x64
		{097D9F6C-FD0E-4CBC-9676-009012AAECA8}.Debug|x64.Build.0 = Debug|x64
		{097D9F6C-FD0E-4CBC-9676-009012AAECA8}.Debug|x86.ActiveCfg = Debug|Win32
		{097D9F6C-FD0E-4CBC-9676-009012AAECA8}.Debug|x86.Build.0 = Debug|Win32
		{097D9F6C-FD0E-4CBC-9676-009012AAECA8}.Release|ARM.ActiveCfg = Release|ARM
		{097D9F6C-FD0E-4CBC-9676-009012AAECA8}.Release|ARM.Build.0 = Release|ARM
		{097D9F6C-FD0E-4CBC-9676-009012AAECA8}.Release|ARM64.ActiveCfg = Release|ARM64
		{097D9F6C-FD0E-4CBC-9676-009012AAECA8}.Release|ARM64.Build.0 = Release|ARM64
		{097D9F6C-FD0E-4CBC-9676-009012AAECA8}.Release|x64.ActiveCfg = Release|x64
		{097D9F6C-FD0E-4CBC-9676-009012AAECA8}.Release|x64.Build.0 = Release|x64
		{097D9F6C-FD0E-4CBC-9676-009012AAECA8}.Release|x86.ActiveCfg = Release|Win32
		{097D9F6C-FD0E-4CBC-9676-009012AAECA8}.Release|x86.Build.0 = Release|Win32
		{17A4874B-0606-4687-90B6-F91F8CB3B8AF}.Debug|ARM.ActiveCfg = Debug|ARM
		{17A4874B-0606-4687-90B6-F91F8CB3B8AF}.Debug|ARM.Build.0 = Debug|ARM
		{17A4874B-0606-4687-90B6-F91F8CB3B8AF}.Debug|ARM64.ActiveCfg = Debug|ARM64
		{17A4874B-0606-4687-90B6-F91F8CB3B8AF}.Debug|ARM64.Build.0 = Debug|ARM64
		{17A4874B-0606-4687-90B6-F91F8CB3B8AF}.Debug|x64.ActiveCfg = Debug|x64
		{17A4874B-0606-4687-90B6-F91F8CB3B8AF}.Debug|x64.Build.0 = Debug|x64
		{17A4874B-0606-4687-90B6-F91F8CB3B8AF}.Debug|x86.ActiveCfg = Debug|Win32
		{17A4874B-0606-4687-90B6-F91F8CB3B8AF}.Debug|x86.Build.0 = Debug|Win32
		{17A4874B-0606-4687-90B6-F91F8CB3B8AF}.Release|ARM.ActiveCfg = Release|ARM
		{17A4874B-0606-4687-90B6-F91F8CB3B8AF}.Release|ARM.Build.0 = Release|ARM
		{17A4874B-0606-4687-90B6-F91F8CB3B8AF}.Release|ARM64.ActiveCfg = Release|ARM64
		{17A4874B-0606-4687-90B6-F91F8CB3B8AF}.Release|ARM64.Build.0 = Release|ARM64
		{17A4874B-0606-4687-90B6-F91F8CB3B8AF}.Release|x64.ActiveCfg = Release|x64
		{17A4874B-0606-4687-90B6-F91F8CB3B8AF}.Release|x64.Build.0 = Release|x64
		{17A4874B-0606-4687-90B6-F91F8CB3B8AF}.Release|x86.ActiveCfg = Release|Win32
		{17A4874B-0606-4687-90B6-F91F8CB3B8AF}.Release|x86.Build.0 = Release|Win32
		{33134F61-C1AD-4B6F-9CEA-503A9F140C52}.Debug|ARM.ActiveCfg = Debug|ARM
		{33134F61-C1AD-4B6F-9CEA-503A9F140C52}.Debug|ARM.Build.0 = Debug|ARM
		{33134F61-C1AD-4B6F-9CEA-503A9F140C52}.Debug|ARM64.ActiveCfg = Debug|ARM64
		{33134F61-C1AD-4B6F-9CEA-503A9F140C52}.Debug|ARM64.Build.0 = Debug|ARM64
		{33134F61-C1AD-4B6F-9CEA-503A9F140C52}.Debug|x64.ActiveCfg = Debug|x64
		{33134F61-C1AD-4B6F-9CEA-503A9F140C52}.Debug|x64.Build.0 = Debug|x64
		{33134F61-C1AD-4B6F-9CEA-503A9F140C52}.Debug|x86.ActiveCfg = Debug|Win32
		{33134F61-C1AD-4B6F-9CEA-503A9F140C52}.Debug|x86.Build.0 = Debug|Win32
		{33134F61-C1AD-4B6F-9CEA-503A9F140C52}.Release|ARM.ActiveCfg = Release|ARM
		{33134F61-C1AD-4B6F-9CEA-503A9F140C52}.Release|ARM.Build.0 = Release|ARM
		{33134F61-C1AD-4B6F-9CEA-503A9F140C52}.Release|ARM64.ActiveCfg = Release|ARM64
		{33134F61-C1AD-4B6F-9CEA-503A9F140C52}.Release|ARM64.Build.0 = Release|ARM64
		{33134F61-C1AD-4B6F-9CEA-503A9F140C52}.Release|x64.ActiveCfg = Release|x64
		{33134F61-C1AD-4B6F-9CEA-503A9F140C52}.Release|x64.Build.0 = Release|x64
		{33134F61-C1AD-4B6F-9CEA-503A9F140C52}.Release|x86.ActiveCfg = Release|Win32
		{33134F61-C1AD-4B6F-9CEA-503A9F140C52}.Release|x86.Build.0 = Release|Win32
		{94F36908-A4E2-4533-939D-64FF6EADA5A1}.Debug|ARM.ActiveCfg = Debug|ARM
		{94F36908-A4E2-4533-939D-64FF6EADA5A1}.Debug|ARM.Build.0 = Debug|ARM
		{94F36908-A4E2-4533-939D-64FF6EADA5A1}.Debug|ARM64.ActiveCfg = Debug|ARM64
		{94F36908-A4E2-4533-939D-64FF6EADA5A1}.Debug|ARM64.Build.0 = Debug|ARM64
		{94F36908-A4E2-4533-939D-64FF6EADA5A1}.Debug|x64.ActiveCfg = Debug|x64
		{94F36908-A4E2-4533-939D-64FF6EADA5A1}.Debug|x64.Build.0 = Debug|x64
		{94F36908-A4E2-4533-939D-64FF6EADA5A1}.Debug|x86.ActiveCfg = Debug|Win32
		{94F36908-A4E2-4533-939D-64FF6EADA5A1}.Debug|x86.Build.0 = Debug|Win32
		{94F36908-A4E2-4533-939D-64FF6EADA5A1}.Release|ARM.ActiveCfg = Release|ARM
		{94F36908-A4E2-4533-939D-64FF6EADA5A1}.Release|ARM.Build.0 = Release|ARM
		{94F36908-A4E2-4533-939D-64FF6EADA5A1}.Release|ARM64.ActiveCfg = Release|ARM64
		{94F36908-A4E2-4533-939D-64FF6EADA5A1}.Release|ARM64.Build.0 = Release|ARM64
		{94F36908-A4E2-4533-939D-64FF6EADA5A1}.Release|x64.ActiveCfg = Release|x64
		{94F36908-A4E2-4533-939D-64FF6EADA5A1}.Release|x64.Build.0 = Release|x64
		{94F36908-A4E2-4533-939D-64FF6EADA5A1}.Release|x86.ActiveCfg = Release|Win32
		{94F36908-A4E2-4533-939D-64FF6EADA5A1}.Release|x86.Build.0 = Release|Win32
		{C9101B3C-4CFE-4D3E-9708-5C0F55AC909A}.Debug|ARM.ActiveCfg = Debug|ARM
		{C9101B3C-4CFE-4D3E-9708-5C0F55AC909A}.Debug|ARM.Build.0 = Debug|ARM
		{C9101B3C-4CFE-4D3E-9708-5C0F55AC909A}.Debug|ARM64.ActiveCfg = Debug|ARM64
		{C9101B3C-4CFE-4D3E-9708-5C0F55AC909A}.Debug|ARM64.Build.0 = Debug|ARM64
		{C9101B3C-4CFE-4D3E-9708-5C0F55AC909A}.Debug|x64.ActiveCfg = Debug|x64
		{C9101B3C-4CFE-4D3E-9708-5C0F55AC909A}.Debug|x64.Build.0 = Debug|x64
		{C9101B3C-4CFE-4D3E-9708-5C0F55AC909A}.Debug|x86.ActiveCfg = Debug|Win32
		{C9101B3C-4CFE-4D3E-9708-5C0F55AC909A}.Debug|x86.Build.0 = Debug|Win32
		{C9101B3C-4CFE-4D3E-9708-5C0F55AC909A}.Release|ARM.ActiveCfg = Release|ARM
		{C9101B3C-4CFE-4D3E-9708-5C0F55AC909A}.Release|ARM.Build.0 = Release|ARM
		{C9101B3C-4CFE-4D3E-9708-5C0F55AC909A}.Release|ARM64.ActiveCfg = Release|ARM64
		{C9101B3C-4CFE-4D3E-9708-5C0F55AC909A}.Release|ARM64.Build.0 = Release|ARM64
		{C9101B3C-4CFE-4D3E-9708-5C0F55AC909A}.Release|x64.ActiveCfg = Release|x64
		{C9101B3C-4CFE-4D3E-9708-5C0F55AC909A}.Release|x64.Build.0 = Release|x64
		{C9101B3C-4CFE-4D3E-9708-5C0F55AC909A}.Release|x86.ActiveCfg = Release|Win32
		{C9101B3C-4CFE-4D3E-9708-5C0F55AC909A}.Release|x86.Build.0 = Release|Win32
		{49A7104F-08CD-48B1-99E6-6A7C3FFB0EEC}.Debug|ARM.ActiveCfg = Debug|ARM
		{49A7104F-08CD-48B1-99E6-6A7C3FFB0EEC}.Debug|ARM.Build.0 = Debug|ARM
		{49A7104F-08CD-48B1-99E6-6A7C3FFB0EEC}.Debug|ARM64.ActiveCfg = Debug|ARM64
		{49A7104F-08CD-48B1-99E6-6A7C3FFB0EEC}.Debug|ARM64.Build.0 = Debug|ARM64
		{49A7104F-08CD-48B1-99E6-6A7C3FFB0EEC}.Debug|x64.ActiveCfg = Debug|x64
		{49A7104F-08CD-48B1-99E6-6A7C3FFB0EEC}.Debug|x64.Build.0 = Debug|x64
		{49A7104F-08CD-48B1-99E6-6A7C3FFB0EEC}.Debug|x86.ActiveCfg = Debug|Win32
		{49A7104F-08CD-48B1-99E6-6A7C3FFB0EEC}.Debug|x86.Build.0 = Debug|Win32
		{49A7104F-08CD-48B1-99E6-6A7C3FFB0EEC}.Release|ARM.ActiveCfg = Release|ARM
		{49A7104F-08CD-48B1-99E6-6A7C3FFB0EEC}.Release|ARM.Build.0 = Release|ARM
		{49A7104F-08CD-48B1-99E6-6A7C3FFB0EEC}.Release|ARM64.ActiveCfg = Release|ARM64
		{49A7104F-08CD-48B1-99E6-6A7C3FFB0EEC}.Release|ARM64.Build.0 = Release|ARM64
		{49A7104F-08CD-48B1-99E6-6A7C3FFB0EEC}.Release|x64.ActiveCfg = Release|x64
		{49A7104F-08CD-48B1-99E6-6A7C3FFB0EEC}.Release|x64.Build.0 = Release|x64
		{49A7104F-08CD-48B1-99E6-6A7C3FFB0EEC}.Release|x86.ActiveCfg = Release|Win32
		{49A7104F-08CD-48B1-99E6-6A7C3FFB0EEC}.Release|x86.Build.0 = Release|Win32
	EndGlobalSection
	GlobalSection(SolutionProperties) = preSolution
		HideSolutionNode = FALSE
	EndGlobalSection
	GlobalSection(NestedProjects) = preSolution
		{9E219DF2-315D-478E-8A07-8960C377CE1E} = {AD6E6E47-0363-409F-8B7A-48341147E632}
		{5E1D4E5F-E10C-4BA3-B663-F33014FD21D9} = {AD6E6E47-0363-409F-8B7A-48341147E632}
		{244455E0-5F25-4451-9540-F317883E52A8} = {AD6E6E47-0363-409F-8B7A-48341147E632}
		{E3536C28-A7F1-4B53-8E52-7D2232F9E098} = {AD6E6E47-0363-409F-8B7A-48341147E632}
		{7DB10B50-CE00-4D7A-B322-6824F05D2FCB} = {AD6E6E47-0363-409F-8B7A-48341147E632}
		{07F662C1-1323-42AB-B6AF-FBFD34A7437A} = {AD6E6E47-0363-409F-8B7A-48341147E632}
		{EC085CBD-E9C3-477F-9A97-CB9D5DA30E27} = {AD6E6E47-0363-409F-8B7A-48341147E632}
		{097D9F6C-FD0E-4CBC-9676-009012AAECA8} = {AD6E6E47-0363-409F-8B7A-48341147E632}
		{17A4874B-0606-4687-90B6-F91F8CB3B8AF} = {AD6E6E47-0363-409F-8B7A-48341147E632}
		{33134F61-C1AD-4B6F-9CEA-503A9F140C52} = {AD6E6E47-0363-409F-8B7A-48341147E632}
		{94F36908-A4E2-4533-939D-64FF6EADA5A1} = {AD6E6E47-0363-409F-8B7A-48341147E632}
	EndGlobalSection
	GlobalSection(ExtensibilityGlobals) = postSolution
		SolutionGuid = {896C26E3-CFC7-4129-9E40-1EA741A61072}
	EndGlobalSection
EndGlobal
